
Microsoft Visual Studio Solution File, Format Version 12.00
# Visual Studio Version 17
VisualStudioVersion = 17.10.34607.79
MinimumVisualStudioVersion = 10.0.40219.1
Project("{9A19103F-16F7-4668-BE54-9A1E7A4F7556}") = "BenchmarkingDapperEFCoreCRMPostgres", "BenchmarkingDapperEFCoreCRMPostgres.csproj", "{FA7C3F26-803E-447F-BEFB-87FEB4DB8700}"
EndProject
Global
	GlobalSection(SolutionConfigurationPlatforms) = preSolution
		Debug|Any CPU = Debug|Any CPU
		Release|Any CPU = Release|Any CPU
	EndGlobalSection
	GlobalSection(ProjectConfigurationPlatforms) = postSolution
		{FA7C3F26-803E-447F-BEFB-87FEB4DB8700}.Debug|Any CPU.ActiveCfg = Debug|Any CPU
		{FA7C3F26-803E-447F-BEFB-87FEB4DB8700}.Debug|Any CPU.Build.0 = Debug|Any CPU
		{FA7C3F26-803E-447F-BEFB-87FEB4DB8700}.Release|Any CPU.ActiveCfg = Release|Any CPU
		{FA7C3F26-803E-447F-BEFB-87FEB4DB8700}.Release|Any CPU.Build.0 = Release|Any CPU
	EndGlobalSection
	GlobalSection(SolutionProperties) = preSolution
		HideSolutionNode = FALSE
	EndGlobalSection
	GlobalSection(ExtensibilityGlobals) = postSolution
		SolutionGuid = {BC57BCA8-074A-4719-887F-B80AB51D5856}
	EndGlobalSection
EndGlobal
