
Microsoft Visual Studio Solution File, Format Version 12.00
# Visual Studio Version 17
VisualStudioVersion = 17.10.34814.14
MinimumVisualStudioVersion = 10.0.40219.1
Project("{FAE04EC0-301F-11D3-BF4B-00C04F79EFBC}") = "APIRegioes", "APIRegioes.csproj", "{32C9E15C-8785-409A-B5EE-29F18246856E}"
EndProject
Global
	GlobalSection(SolutionConfigurationPlatforms) = preSolution
		Debug|Any CPU = Debug|Any CPU
		Release|Any CPU = Release|Any CPU
	EndGlobalSection
	GlobalSection(ProjectConfigurationPlatforms) = postSolution
		{32C9E15C-8785-409A-B5EE-29F18246856E}.Debug|Any CPU.ActiveCfg = Debug|Any CPU
		{32C9E15C-8785-409A-B5EE-29F18246856E}.Debug|Any CPU.Build.0 = Debug|Any CPU
		{32C9E15C-8785-409A-B5EE-29F18246856E}.Release|Any CPU.ActiveCfg = Release|Any CPU
		{32C9E15C-8785-409A-B5EE-29F18246856E}.Release|Any CPU.Build.0 = Release|Any CPU
	EndGlobalSection
	GlobalSection(SolutionProperties) = preSolution
		HideSolutionNode = FALSE
	EndGlobalSection
	GlobalSection(ExtensibilityGlobals) = postSolution
		SolutionGuid = {55376288-4930-4A65-B672-BFE2DF823AF0}
	EndGlobalSection
EndGlobal
