
Microsoft Visual Studio Solution File, Format Version 12.00
# Visual Studio Version 17
VisualStudioVersion = 17.10.34607.79
MinimumVisualStudioVersion = 10.0.40219.1
Project("{9A19103F-16F7-4668-BE54-9A1E7A4F7556}") = "BenchmarkingDapperEFCoreCRMSqlServer", "BenchmarkingDapperEFCoreCRMSqlServer.csproj", "{AEDEE181-AB7F-4007-B564-572BBECD6E3E}"
EndProject
Global
	GlobalSection(SolutionConfigurationPlatforms) = preSolution
		Debug|Any CPU = Debug|Any CPU
		Release|Any CPU = Release|Any CPU
	EndGlobalSection
	GlobalSection(ProjectConfigurationPlatforms) = postSolution
		{AEDEE181-AB7F-4007-B564-572BBECD6E3E}.Debug|Any CPU.ActiveCfg = Debug|Any CPU
		{AEDEE181-AB7F-4007-B564-572BBECD6E3E}.Debug|Any CPU.Build.0 = Debug|Any CPU
		{AEDEE181-AB7F-4007-B564-572BBECD6E3E}.Release|Any CPU.ActiveCfg = Release|Any CPU
		{AEDEE181-AB7F-4007-B564-572BBECD6E3E}.Release|Any CPU.Build.0 = Release|Any CPU
	EndGlobalSection
	GlobalSection(SolutionProperties) = preSolution
		HideSolutionNode = FALSE
	EndGlobalSection
	GlobalSection(ExtensibilityGlobals) = postSolution
		SolutionGuid = {14166A0D-2B36-4808-9BEF-E60DEE700EDC}
	EndGlobalSection
EndGlobal
